
Microsoft Visual Studio Solution File, Format Version 12.00
# Visual Studio 14
VisualStudioVersion = 14.0.25420.1
MinimumVisualStudioVersion = 10.0.40219.1
Project("{FAE04EC0-301F-11D3-BF4B-00C04F79EFBC}") = "Reflector.GUI", "Reflector.GUI\Reflector.GUI.csproj", "{317ED2F0-4BC7-43CE-8D67-C21A97BA2F03}"
EndProject
Project("{FAE04EC0-301F-11D3-BF4B-00C04F79EFBC}") = "Reflector.CLI", "Reflector.CLI\Reflector.CLI.csproj", "{FC6077B0-BA7E-4BAF-A6A6-A00D89A02A21}"
EndProject
Project("{2150E333-8FDC-42A3-9474-1A3956D46DE8}") = "Presentation", "Presentation", "{C9C4DB09-FFD7-4909-97FD-1A7DC5DC562E}"
EndProject
Project("{2150E333-8FDC-42A3-9474-1A3956D46DE8}") = "DataAccess", "DataAccess", "{76C26F68-62BF-4E2E-965A-B8D36279236D}"
EndProject
Project("{2150E333-8FDC-42A3-9474-1A3956D46DE8}") = "Test", "Test", "{695678CD-1552-41BF-9EC8-47B9C2CA71F2}"
EndProject
Project("{2150E333-8FDC-42A3-9474-1A3956D46DE8}") = "DemoLibraries", "DemoLibraries", "{E9BA2D14-9E1A-443C-8623-82E5440AF5D8}"
EndProject
Project("{FAE04EC0-301F-11D3-BF4B-00C04F79EFBC}") = "Reflector.DataAccess", "Reflector.DataAccess\Reflector.DataAccess.csproj", "{052A21BC-7661-476A-8DBE-40D0AC818E30}"
EndProject
Project("{FAE04EC0-301F-11D3-BF4B-00C04F79EFBC}") = "Reflector.Models", "Reflector.Models\Reflector.Models.csproj", "{0D849E20-0862-45DD-B4C3-207319951646}"
EndProject
Project("{FAE04EC0-301F-11D3-BF4B-00C04F79EFBC}") = "Bookshop", "Bookshop\Bookshop.csproj", "{5BD9D565-9CE0-49E4-8265-3A1ADA167C15}"
EndProject
Project("{FAE04EC0-301F-11D3-BF4B-00C04F79EFBC}") = "RecursiveLibrary", "RecursiveLibrary\RecursiveLibrary.csproj", "{5EFF79B0-41BC-4B65-A276-946BCDC46345}"
EndProject
Project("{FAE04EC0-301F-11D3-BF4B-00C04F79EFBC}") = "Reflector.DataAccess.Dll", "Reflector.DataAccess.File\Reflector.DataAccess.Dll.csproj", "{9389587D-64A9-433C-BE7F-FA16AB979F25}"
EndProject
Project("{FAE04EC0-301F-11D3-BF4B-00C04F79EFBC}") = "ReflectorUnitTest", "ReflectorUnitTest\ReflectorUnitTest.csproj", "{ECC18891-7A31-4764-9ABB-26EAEADC55D2}"
EndProject
Project("{FAE04EC0-301F-11D3-BF4B-00C04F79EFBC}") = "Reflactor.DataAccess.Xml", "Reflactor.DataAccess.Xml\Reflactor.DataAccess.Xml.csproj", "{29B8CB75-F035-47F6-983E-70F791B43870}"
EndProject
Project("{2150E333-8FDC-42A3-9474-1A3956D46DE8}") = "Reflection", "Reflection", "{E6267729-F22C-44A9-8C62-DD1D1960CC23}"
EndProject
Project("{FAE04EC0-301F-11D3-BF4B-00C04F79EFBC}") = "Reflector.DataAccess.Database", "Reflector.DataAccess.Database\Reflector.DataAccess.Database.csproj", "{15C17EB7-AA3F-438F-B27A-29832EDB2BCF}"
EndProject
Project("{2150E333-8FDC-42A3-9474-1A3956D46DE8}") = "Logic", "Logic", "{E5D860AC-A094-4189-B833-7D1B0B2BA7B3}"
EndProject
Project("{FAE04EC0-301F-11D3-BF4B-00C04F79EFBC}") = "Reflector.Logic", "Reflector.Logic\Reflector.Logic.csproj", "{0B27D8F5-2E2F-487E-BEB8-93DD34BA2C92}"
EndProject
Global
	GlobalSection(SolutionConfigurationPlatforms) = preSolution
		Debug|Any CPU = Debug|Any CPU
		Release|Any CPU = Release|Any CPU
	EndGlobalSection
	GlobalSection(ProjectConfigurationPlatforms) = postSolution
		{317ED2F0-4BC7-43CE-8D67-C21A97BA2F03}.Debug|Any CPU.ActiveCfg = Debug|Any CPU
		{317ED2F0-4BC7-43CE-8D67-C21A97BA2F03}.Debug|Any CPU.Build.0 = Debug|Any CPU
		{317ED2F0-4BC7-43CE-8D67-C21A97BA2F03}.Release|Any CPU.ActiveCfg = Release|Any CPU
		{317ED2F0-4BC7-43CE-8D67-C21A97BA2F03}.Release|Any CPU.Build.0 = Release|Any CPU
		{FC6077B0-BA7E-4BAF-A6A6-A00D89A02A21}.Debug|Any CPU.ActiveCfg = Debug|Any CPU
		{FC6077B0-BA7E-4BAF-A6A6-A00D89A02A21}.Debug|Any CPU.Build.0 = Debug|Any CPU
		{FC6077B0-BA7E-4BAF-A6A6-A00D89A02A21}.Release|Any CPU.ActiveCfg = Release|Any CPU
		{FC6077B0-BA7E-4BAF-A6A6-A00D89A02A21}.Release|Any CPU.Build.0 = Release|Any CPU
		{052A21BC-7661-476A-8DBE-40D0AC818E30}.Debug|Any CPU.ActiveCfg = Debug|Any CPU
		{052A21BC-7661-476A-8DBE-40D0AC818E30}.Debug|Any CPU.Build.0 = Debug|Any CPU
		{052A21BC-7661-476A-8DBE-40D0AC818E30}.Release|Any CPU.ActiveCfg = Release|Any CPU
		{052A21BC-7661-476A-8DBE-40D0AC818E30}.Release|Any CPU.Build.0 = Release|Any CPU
		{0D849E20-0862-45DD-B4C3-207319951646}.Debug|Any CPU.ActiveCfg = Debug|Any CPU
		{0D849E20-0862-45DD-B4C3-207319951646}.Debug|Any CPU.Build.0 = Debug|Any CPU
		{0D849E20-0862-45DD-B4C3-207319951646}.Release|Any CPU.ActiveCfg = Release|Any CPU
		{0D849E20-0862-45DD-B4C3-207319951646}.Release|Any CPU.Build.0 = Release|Any CPU
		{5BD9D565-9CE0-49E4-8265-3A1ADA167C15}.Debug|Any CPU.ActiveCfg = Debug|Any CPU
		{5BD9D565-9CE0-49E4-8265-3A1ADA167C15}.Debug|Any CPU.Build.0 = Debug|Any CPU
		{5BD9D565-9CE0-49E4-8265-3A1ADA167C15}.Release|Any CPU.ActiveCfg = Release|Any CPU
		{5BD9D565-9CE0-49E4-8265-3A1ADA167C15}.Release|Any CPU.Build.0 = Release|Any CPU
		{5EFF79B0-41BC-4B65-A276-946BCDC46345}.Debug|Any CPU.ActiveCfg = Debug|Any CPU
		{5EFF79B0-41BC-4B65-A276-946BCDC46345}.Debug|Any CPU.Build.0 = Debug|Any CPU
		{5EFF79B0-41BC-4B65-A276-946BCDC46345}.Release|Any CPU.ActiveCfg = Release|Any CPU
		{5EFF79B0-41BC-4B65-A276-946BCDC46345}.Release|Any CPU.Build.0 = Release|Any CPU
		{9389587D-64A9-433C-BE7F-FA16AB979F25}.Debug|Any CPU.ActiveCfg = Debug|Any CPU
		{9389587D-64A9-433C-BE7F-FA16AB979F25}.Debug|Any CPU.Build.0 = Debug|Any CPU
		{9389587D-64A9-433C-BE7F-FA16AB979F25}.Release|Any CPU.ActiveCfg = Release|Any CPU
		{9389587D-64A9-433C-BE7F-FA16AB979F25}.Release|Any CPU.Build.0 = Release|Any CPU
		{ECC18891-7A31-4764-9ABB-26EAEADC55D2}.Debug|Any CPU.ActiveCfg = Debug|Any CPU
		{ECC18891-7A31-4764-9ABB-26EAEADC55D2}.Debug|Any CPU.Build.0 = Debug|Any CPU
		{ECC18891-7A31-4764-9ABB-26EAEADC55D2}.Release|Any CPU.ActiveCfg = Release|Any CPU
		{ECC18891-7A31-4764-9ABB-26EAEADC55D2}.Release|Any CPU.Build.0 = Release|Any CPU
		{29B8CB75-F035-47F6-983E-70F791B43870}.Debug|Any CPU.ActiveCfg = Debug|Any CPU
		{29B8CB75-F035-47F6-983E-70F791B43870}.Debug|Any CPU.Build.0 = Debug|Any CPU
		{29B8CB75-F035-47F6-983E-70F791B43870}.Release|Any CPU.ActiveCfg = Release|Any CPU
		{29B8CB75-F035-47F6-983E-70F791B43870}.Release|Any CPU.Build.0 = Release|Any CPU
		{15C17EB7-AA3F-438F-B27A-29832EDB2BCF}.Debug|Any CPU.ActiveCfg = Debug|Any CPU
		{15C17EB7-AA3F-438F-B27A-29832EDB2BCF}.Debug|Any CPU.Build.0 = Debug|Any CPU
		{15C17EB7-AA3F-438F-B27A-29832EDB2BCF}.Release|Any CPU.ActiveCfg = Release|Any CPU
		{15C17EB7-AA3F-438F-B27A-29832EDB2BCF}.Release|Any CPU.Build.0 = Release|Any CPU
		{0B27D8F5-2E2F-487E-BEB8-93DD34BA2C92}.Debug|Any CPU.ActiveCfg = Debug|Any CPU
		{0B27D8F5-2E2F-487E-BEB8-93DD34BA2C92}.Debug|Any CPU.Build.0 = Debug|Any CPU
		{0B27D8F5-2E2F-487E-BEB8-93DD34BA2C92}.Release|Any CPU.ActiveCfg = Release|Any CPU
		{0B27D8F5-2E2F-487E-BEB8-93DD34BA2C92}.Release|Any CPU.Build.0 = Release|Any CPU
	EndGlobalSection
	GlobalSection(SolutionProperties) = preSolution
		HideSolutionNode = FALSE
	EndGlobalSection
	GlobalSection(NestedProjects) = preSolution
		{317ED2F0-4BC7-43CE-8D67-C21A97BA2F03} = {C9C4DB09-FFD7-4909-97FD-1A7DC5DC562E}
		{FC6077B0-BA7E-4BAF-A6A6-A00D89A02A21} = {C9C4DB09-FFD7-4909-97FD-1A7DC5DC562E}
		{052A21BC-7661-476A-8DBE-40D0AC818E30} = {76C26F68-62BF-4E2E-965A-B8D36279236D}
		{0D849E20-0862-45DD-B4C3-207319951646} = {E6267729-F22C-44A9-8C62-DD1D1960CC23}
		{5BD9D565-9CE0-49E4-8265-3A1ADA167C15} = {E9BA2D14-9E1A-443C-8623-82E5440AF5D8}
		{5EFF79B0-41BC-4B65-A276-946BCDC46345} = {E9BA2D14-9E1A-443C-8623-82E5440AF5D8}
		{9389587D-64A9-433C-BE7F-FA16AB979F25} = {76C26F68-62BF-4E2E-965A-B8D36279236D}
		{ECC18891-7A31-4764-9ABB-26EAEADC55D2} = {695678CD-1552-41BF-9EC8-47B9C2CA71F2}
		{29B8CB75-F035-47F6-983E-70F791B43870} = {76C26F68-62BF-4E2E-965A-B8D36279236D}
		{15C17EB7-AA3F-438F-B27A-29832EDB2BCF} = {76C26F68-62BF-4E2E-965A-B8D36279236D}
		{0B27D8F5-2E2F-487E-BEB8-93DD34BA2C92} = {E5D860AC-A094-4189-B833-7D1B0B2BA7B3}
	EndGlobalSection
EndGlobal
